
Microsoft Visual Studio Solution File, Format Version 12.00
# Visual Studio 2013
VisualStudioVersion = 12.0.30501.0
MinimumVisualStudioVersion = 10.0.40219.1
Project("{FAE04EC0-301F-11D3-BF4B-00C04F79EFBC}") = "Bernos.FileUploader", "Bernos.FileUploader\Bernos.FileUploader.csproj", "{7A4E49EE-3C52-4FFE-87F7-B851119243E7}"
EndProject
Project("{FAE04EC0-301F-11D3-BF4B-00C04F79EFBC}") = "Bernos.FileUploader.StorageProviders.LocalFileSystem", "Bernos.FileUploader.StorageProviders.LocalFileSystem\Bernos.FileUploader.StorageProviders.LocalFileSystem.csproj", "{18CC4D0C-A5B2-4AFD-86E7-A148E32F6DDD}"
EndProject
Project("{FAE04EC0-301F-11D3-BF4B-00C04F79EFBC}") = "Bernos.FileUploader.Nancy.Example", "Bernos.FileUploader.Nancy.Example\Bernos.FileUploader.Nancy.Example.csproj", "{B4F9C525-5C56-440E-B4C2-972A33D7C8CD}"
EndProject
Project("{FAE04EC0-301F-11D3-BF4B-00C04F79EFBC}") = "Bernos.FileUploader.Nancy", "Bernos.FileUploader.Nancy\Bernos.FileUploader.Nancy.csproj", "{F13E2FC4-C173-4E79-B22F-2431CE6092E9}"
EndProject
Project("{2150E333-8FDC-42A3-9474-1A3956D46DE8}") = "Examples", "Examples", "{523BBA19-88F9-423D-906C-BEC1E24ED8BC}"
EndProject
Project("{2150E333-8FDC-42A3-9474-1A3956D46DE8}") = "StorageProviders", "StorageProviders", "{A7ECA9EB-0A6A-47F0-9FA9-C0C257C2B99A}"
EndProject
Project("{FAE04EC0-301F-11D3-BF4B-00C04F79EFBC}") = "Bernos.FileUploader.StorageProviders.S3", "Bernos.FileUploader.StorageProviders.S3\Bernos.FileUploader.StorageProviders.S3.csproj", "{67835D5E-132C-499C-A97B-7D4E14F444EF}"
EndProject
Project("{FAE04EC0-301F-11D3-BF4B-00C04F79EFBC}") = "Bernos.FileUploader.WebApi", "Bernos.FileUploader.WebApi\Bernos.FileUploader.WebApi.csproj", "{7BFBC757-4C54-46E9-9859-8664F54639AA}"
EndProject
Project("{FAE04EC0-301F-11D3-BF4B-00C04F79EFBC}") = "Bernos.FileUploader.WebApi.Example", "Bernos.FileUploader.WebApi.Example\Bernos.FileUploader.WebApi.Example.csproj", "{26393E06-66C7-4FFB-AB77-8AF11763390A}"
EndProject
Project("{2150E333-8FDC-42A3-9474-1A3956D46DE8}") = "FrameworkSupport", "FrameworkSupport", "{DADDCCA9-954F-4FC2-9EA2-08A8C249E203}"
EndProject
Project("{FAE04EC0-301F-11D3-BF4B-00C04F79EFBC}") = "Bernos.FileUploader.Tests", "Bernos.FileUploader.Tests\Bernos.FileUploader.Tests.csproj", "{0D5FF39D-59CD-4515-B3AF-895DDFD9F08C}"
EndProject
Project("{FAE04EC0-301F-11D3-BF4B-00C04F79EFBC}") = "Bernos.FileUploader.StorageProviders.S3.Tests", "Bernos.FileUploader.StorageProviders.S3.Tests\Bernos.FileUploader.StorageProviders.S3.Tests.csproj", "{4C52C9D9-5CDC-4C06-B991-47F427D97959}"
EndProject
Project("{2150E333-8FDC-42A3-9474-1A3956D46DE8}") = ".nuget", ".nuget", "{100247A6-7A38-46F7-BFCF-73797A6FBA46}"
	ProjectSection(SolutionItems) = preProject
		.nuget\packages.config = .nuget\packages.config
	EndProjectSection
EndProject
Global
	GlobalSection(SolutionConfigurationPlatforms) = preSolution
		Debug|Any CPU = Debug|Any CPU
		Release|Any CPU = Release|Any CPU
	EndGlobalSection
	GlobalSection(ProjectConfigurationPlatforms) = postSolution
		{7A4E49EE-3C52-4FFE-87F7-B851119243E7}.Debug|Any CPU.ActiveCfg = Debug|Any CPU
		{7A4E49EE-3C52-4FFE-87F7-B851119243E7}.Debug|Any CPU.Build.0 = Debug|Any CPU
		{7A4E49EE-3C52-4FFE-87F7-B851119243E7}.Release|Any CPU.ActiveCfg = Release|Any CPU
		{7A4E49EE-3C52-4FFE-87F7-B851119243E7}.Release|Any CPU.Build.0 = Release|Any CPU
		{18CC4D0C-A5B2-4AFD-86E7-A148E32F6DDD}.Debug|Any CPU.ActiveCfg = Debug|Any CPU
		{18CC4D0C-A5B2-4AFD-86E7-A148E32F6DDD}.Debug|Any CPU.Build.0 = Debug|Any CPU
		{18CC4D0C-A5B2-4AFD-86E7-A148E32F6DDD}.Release|Any CPU.ActiveCfg = Release|Any CPU
		{18CC4D0C-A5B2-4AFD-86E7-A148E32F6DDD}.Release|Any CPU.Build.0 = Release|Any CPU
		{B4F9C525-5C56-440E-B4C2-972A33D7C8CD}.Debug|Any CPU.ActiveCfg = Debug|Any CPU
		{B4F9C525-5C56-440E-B4C2-972A33D7C8CD}.Debug|Any CPU.Build.0 = Debug|Any CPU
		{B4F9C525-5C56-440E-B4C2-972A33D7C8CD}.Release|Any CPU.ActiveCfg = Release|Any CPU
		{B4F9C525-5C56-440E-B4C2-972A33D7C8CD}.Release|Any CPU.Build.0 = Release|Any CPU
		{F13E2FC4-C173-4E79-B22F-2431CE6092E9}.Debug|Any CPU.ActiveCfg = Debug|Any CPU
		{F13E2FC4-C173-4E79-B22F-2431CE6092E9}.Debug|Any CPU.Build.0 = Debug|Any CPU
		{F13E2FC4-C173-4E79-B22F-2431CE6092E9}.Release|Any CPU.ActiveCfg = Release|Any CPU
		{F13E2FC4-C173-4E79-B22F-2431CE6092E9}.Release|Any CPU.Build.0 = Release|Any CPU
		{67835D5E-132C-499C-A97B-7D4E14F444EF}.Debug|Any CPU.ActiveCfg = Debug|Any CPU
		{67835D5E-132C-499C-A97B-7D4E14F444EF}.Debug|Any CPU.Build.0 = Debug|Any CPU
		{67835D5E-132C-499C-A97B-7D4E14F444EF}.Release|Any CPU.ActiveCfg = Release|Any CPU
		{67835D5E-132C-499C-A97B-7D4E14F444EF}.Release|Any CPU.Build.0 = Release|Any CPU
		{7BFBC757-4C54-46E9-9859-8664F54639AA}.Debug|Any CPU.ActiveCfg = Debug|Any CPU
		{7BFBC757-4C54-46E9-9859-8664F54639AA}.Debug|Any CPU.Build.0 = Debug|Any CPU
		{7BFBC757-4C54-46E9-9859-8664F54639AA}.Release|Any CPU.ActiveCfg = Release|Any CPU
		{7BFBC757-4C54-46E9-9859-8664F54639AA}.Release|Any CPU.Build.0 = Release|Any CPU
		{26393E06-66C7-4FFB-AB77-8AF11763390A}.Debug|Any CPU.ActiveCfg = Debug|Any CPU
		{26393E06-66C7-4FFB-AB77-8AF11763390A}.Debug|Any CPU.Build.0 = Debug|Any CPU
		{26393E06-66C7-4FFB-AB77-8AF11763390A}.Release|Any CPU.ActiveCfg = Release|Any CPU
		{26393E06-66C7-4FFB-AB77-8AF11763390A}.Release|Any CPU.Build.0 = Release|Any CPU
		{0D5FF39D-59CD-4515-B3AF-895DDFD9F08C}.Debug|Any CPU.ActiveCfg = Debug|Any CPU
		{0D5FF39D-59CD-4515-B3AF-895DDFD9F08C}.Debug|Any CPU.Build.0 = Debug|Any CPU
		{0D5FF39D-59CD-4515-B3AF-895DDFD9F08C}.Release|Any CPU.ActiveCfg = Release|Any CPU
		{0D5FF39D-59CD-4515-B3AF-895DDFD9F08C}.Release|Any CPU.Build.0 = Release|Any CPU
		{4C52C9D9-5CDC-4C06-B991-47F427D97959}.Debug|Any CPU.ActiveCfg = Debug|Any CPU
		{4C52C9D9-5CDC-4C06-B991-47F427D97959}.Debug|Any CPU.Build.0 = Debug|Any CPU
		{4C52C9D9-5CDC-4C06-B991-47F427D97959}.Release|Any CPU.ActiveCfg = Release|Any CPU
		{4C52C9D9-5CDC-4C06-B991-47F427D97959}.Release|Any CPU.Build.0 = Release|Any CPU
	EndGlobalSection
	GlobalSection(SolutionProperties) = preSolution
		HideSolutionNode = FALSE
	EndGlobalSection
	GlobalSection(NestedProjects) = preSolution
		{18CC4D0C-A5B2-4AFD-86E7-A148E32F6DDD} = {A7ECA9EB-0A6A-47F0-9FA9-C0C257C2B99A}
		{B4F9C525-5C56-440E-B4C2-972A33D7C8CD} = {523BBA19-88F9-423D-906C-BEC1E24ED8BC}
		{F13E2FC4-C173-4E79-B22F-2431CE6092E9} = {DADDCCA9-954F-4FC2-9EA2-08A8C249E203}
		{67835D5E-132C-499C-A97B-7D4E14F444EF} = {A7ECA9EB-0A6A-47F0-9FA9-C0C257C2B99A}
		{7BFBC757-4C54-46E9-9859-8664F54639AA} = {DADDCCA9-954F-4FC2-9EA2-08A8C249E203}
		{26393E06-66C7-4FFB-AB77-8AF11763390A} = {523BBA19-88F9-423D-906C-BEC1E24ED8BC}
		{4C52C9D9-5CDC-4C06-B991-47F427D97959} = {A7ECA9EB-0A6A-47F0-9FA9-C0C257C2B99A}
	EndGlobalSection
EndGlobal
